// !$*UTF8*$!
{
	archiveVersion = 1;
	classes = {
	};
	objectVersion = 46;
	objects = {

/* Begin PBXBuildFile section */
		A636F3931D0D24040003133F /* AppDelegate.swift in Sources */ = {isa = PBXBuildFile; fileRef = A636F3921D0D24040003133F /* AppDelegate.swift */; };
		A636F3951D0D24040003133F /* ViewController.swift in Sources */ = {isa = PBXBuildFile; fileRef = A636F3941D0D24040003133F /* ViewController.swift */; };
		A636F3981D0D24040003133F /* Main.storyboard in Resources */ = {isa = PBXBuildFile; fileRef = A636F3961D0D24040003133F /* Main.storyboard */; };
		A636F39A1D0D24040003133F /* Assets.xcassets in Resources */ = {isa = PBXBuildFile; fileRef = A636F3991D0D24040003133F /* Assets.xcassets */; };
		A636F39D1D0D24040003133F /* LaunchScreen.storyboard in Resources */ = {isa = PBXBuildFile; fileRef = A636F39B1D0D24040003133F /* LaunchScreen.storyboard */; };
		A636F3A51D0D4B230003133F /* PlayersViewController.swift in Sources */ = {isa = PBXBuildFile; fileRef = A636F3A41D0D4B230003133F /* PlayersViewController.swift */; };
		A636F3A91D0D4B9D0003133F /* Player.swift in Sources */ = {isa = PBXBuildFile; fileRef = A636F3A81D0D4B9D0003133F /* Player.swift */; };
		A636F3AD1D0D4D5D0003133F /* SampleData.swift in Sources */ = {isa = PBXBuildFile; fileRef = A636F3AC1D0D4D5D0003133F /* SampleData.swift */; };
		A636F3AF1D0D590F0003133F /* PlayerCell.swift in Sources */ = {isa = PBXBuildFile; fileRef = A636F3AE1D0D590F0003133F /* PlayerCell.swift */; };
		A636F3B11D0D68ED0003133F /* PlayerDetailsViewController.swift in Sources */ = {isa = PBXBuildFile; fileRef = A636F3B01D0D68ED0003133F /* PlayerDetailsViewController.swift */; };
		A636F3B31D0DB79A0003133F /* GamePickerViewController.swift in Sources */ = {isa = PBXBuildFile; fileRef = A636F3B21D0DB79A0003133F /* GamePickerViewController.swift */; };
/* End PBXBuildFile section */

/* Begin PBXFileReference section */
		A636F38F1D0D24040003133F /* Rating.app */ = {isa = PBXFileReference; explicitFileType = wrapper.application; includeInIndex = 0; path = Rating.app; sourceTree = BUILT_PRODUCTS_DIR; };
		A636F3921D0D24040003133F /* AppDelegate.swift */ = {isa = PBXFileReference; lastKnownFileType = sourcecode.swift; path = AppDelegate.swift; sourceTree = "<group>"; };
		A636F3941D0D24040003133F /* ViewController.swift */ = {isa = PBXFileReference; lastKnownFileType = sourcecode.swift; path = ViewController.swift; sourceTree = "<group>"; };
		A636F3971D0D24040003133F /* Base */ = {isa = PBXFileReference; lastKnownFileType = file.storyboard; name = Base; path = Base.lproj/Main.storyboard; sourceTree = "<group>"; };
		A636F3991D0D24040003133F /* Assets.xcassets */ = {isa = PBXFileReference; lastKnownFileType = folder.assetcatalog; path = Assets.xcassets; sourceTree = "<group>"; };
		A636F39C1D0D24040003133F /* Base */ = {isa = PBXFileReference; lastKnownFileType = file.storyboard; name = Base; path = Base.lproj/LaunchScreen.storyboard; sourceTree = "<group>"; };
		A636F39E1D0D24040003133F /* Info.plist */ = {isa = PBXFileReference; lastKnownFileType = text.plist.xml; path = Info.plist; sourceTree = "<group>"; };
		A636F3A41D0D4B230003133F /* PlayersViewController.swift */ = {isa = PBXFileReference; fileEncoding = 4; lastKnownFileType = sourcecode.swift; path = PlayersViewController.swift; sourceTree = "<group>"; };
		A636F3A81D0D4B9D0003133F /* Player.swift */ = {isa = PBXFileReference; fileEncoding = 4; lastKnownFileType = sourcecode.swift; name = Player.swift; path = ../Player.swift; sourceTree = "<group>"; };
		A636F3AC1D0D4D5D0003133F /* SampleData.swift */ = {isa = PBXFileReference; fileEncoding = 4; lastKnownFileType = sourcecode.swift; path = SampleData.swift; sourceTree = "<group>"; };
		A636F3AE1D0D590F0003133F /* PlayerCell.swift */ = {isa = PBXFileReference; fileEncoding = 4; lastKnownFileType = sourcecode.swift; path = PlayerCell.swift; sourceTree = "<group>"; };
		A636F3B01D0D68ED0003133F /* PlayerDetailsViewController.swift */ = {isa = PBXFileReference; fileEncoding = 4; lastKnownFileType = sourcecode.swift; path = PlayerDetailsViewController.swift; sourceTree = "<group>"; };
		A636F3B21D0DB79A0003133F /* GamePickerViewController.swift */ = {isa = PBXFileReference; fileEncoding = 4; lastKnownFileType = sourcecode.swift; path = GamePickerViewController.swift; sourceTree = "<group>"; };
/* End PBXFileReference section */

/* Begin PBXFrameworksBuildPhase section */
		A636F38C1D0D24040003133F /* Frameworks */ = {
			isa = PBXFrameworksBuildPhase;
			buildActionMask = 2147483647;
			files = (
			);
			runOnlyForDeploymentPostprocessing = 0;
		};
/* End PBXFrameworksBuildPhase section */

/* Begin PBXGroup section */
		A636F3861D0D24040003133F = {
			isa = PBXGroup;
			children = (
				A636F3911D0D24040003133F /* Rating */,
				A636F3901D0D24040003133F /* Products */,
			);
			sourceTree = "<group>";
		};
		A636F3901D0D24040003133F /* Products */ = {
			isa = PBXGroup;
			children = (
				A636F38F1D0D24040003133F /* Rating.app */,
			);
			name = Products;
			sourceTree = "<group>";
		};
		A636F3911D0D24040003133F /* Rating */ = {
			isa = PBXGroup;
			children = (
				A636F3A81D0D4B9D0003133F /* Player.swift */,
				A636F3921D0D24040003133F /* AppDelegate.swift */,
				A636F3941D0D24040003133F /* ViewController.swift */,
				A636F3961D0D24040003133F /* Main.storyboard */,
				A636F3991D0D24040003133F /* Assets.xcassets */,
				A636F39B1D0D24040003133F /* LaunchScreen.storyboard */,
				A636F39E1D0D24040003133F /* Info.plist */,
				A636F3AC1D0D4D5D0003133F /* SampleData.swift */,
				A636F3AE1D0D590F0003133F /* PlayerCell.swift */,
				A636F3A41D0D4B230003133F /* PlayersViewController.swift */,
				A636F3B01D0D68ED0003133F /* PlayerDetailsViewController.swift */,
				A636F3B21D0DB79A0003133F /* GamePickerViewController.swift */,
			);
			path = Rating;
			sourceTree = "<group>";
		};
/* End PBXGroup section */

/* Begin PBXNativeTarget section */
		A636F38E1D0D24040003133F /* Rating */ = {
			isa = PBXNativeTarget;
			buildConfigurationList = A636F3A11D0D24040003133F /* Build configuration list for PBXNativeTarget "Rating" */;
			buildPhases = (
				A636F38B1D0D24040003133F /* Sources */,
				A636F38C1D0D24040003133F /* Frameworks */,
				A636F38D1D0D24040003133F /* Resources */,
			);
			buildRules = (
			);
			dependencies = (
			);
			name = Rating;
			productName = Rating;
			productReference = A636F38F1D0D24040003133F /* Rating.app */;
			productType = "com.apple.product-type.application";
		};
/* End PBXNativeTarget section */

/* Begin PBXProject section */
		A636F3871D0D24040003133F /* Project object */ = {
			isa = PBXProject;
			attributes = {
				LastSwiftUpdateCheck = 0730;
				LastUpgradeCheck = 0730;
				ORGANIZATIONNAME = Akadet;
				TargetAttributes = {
					A636F38E1D0D24040003133F = {
						CreatedOnToolsVersion = 7.3.1;
					};
				};
			};
			buildConfigurationList = A636F38A1D0D24040003133F /* Build configuration list for PBXProject "Rating" */;
			compatibilityVersion = "Xcode 3.2";
			developmentRegion = English;
			hasScannedForEncodings = 0;
			knownRegions = (
				en,
				Base,
			);
			mainGroup = A636F3861D0D24040003133F;
			productRefGroup = A636F3901D0D24040003133F /* Products */;
			projectDirPath = "";
			projectRoot = "";
			targets = (
				A636F38E1D0D24040003133F /* Rating */,
			);
		};
/* End PBXProject section */

/* Begin PBXResourcesBuildPhase section */
		A636F38D1D0D24040003133F /* Resources */ = {
			isa = PBXResourcesBuildPhase;
			buildActionMask = 2147483647;
			files = (
				A636F39D1D0D24040003133F /* LaunchScreen.storyboard in Resources */,
				A636F39A1D0D24040003133F /* Assets.xcassets in Resources */,
				A636F3981D0D24040003133F /* Main.storyboard in Resources */,
			);
			runOnlyForDeploymentPostprocessing = 0;
		};
/* End PBXResourcesBuildPhase section */

/* Begin PBXSourcesBuildPhase section */
		A636F38B1D0D24040003133F /* Sources */ = {
			isa = PBXSourcesBuildPhase;
			buildActionMask = 2147483647;
			files = (
				A636F3B31D0DB79A0003133F /* GamePickerViewController.swift in Sources */,
				A636F3AF1D0D590F0003133F /* PlayerCell.swift in Sources */,
				A636F3A91D0D4B9D0003133F /* Player.swift in Sources */,
				A636F3951D0D24040003133F /* ViewController.swift in Sources */,
				A636F3B11D0D68ED0003133F /* PlayerDetailsViewController.swift in Sources */,
				A636F3931D0D24040003133F /* AppDelegate.swift in Sources */,
				A636F3AD1D0D4D5D0003133F /* SampleData.swift in Sources */,
				A636F3A51D0D4B230003133F /* PlayersViewController.swift in Sources */,
			);
			runOnlyForDeploymentPostprocessing = 0;
		};
/* End PBXSourcesBuildPhase section */

/* Begin PBXVariantGroup section */
		A636F3961D0D24040003133F /* Main.storyboard */ = {
			isa = PBXVariantGroup;
			children = (
				A636F3971D0D24040003133F /* Base */,
			);
			name = Main.storyboard;
			sourceTree = "<group>";
		};
		A636F39B1D0D24040003133F /* LaunchScreen.storyboard */ = {
			isa = PBXVariantGroup;
			children = (
				A636F39C1D0D24040003133F /* Base */,
			);
			name = LaunchScreen.storyboard;
			sourceTree = "<group>";
		};
/* End PBXVariantGroup section */

/* Begin XCBuildConfiguration section */
		A636F39F1D0D24040003133F /* Debug */ = {
			isa = XCBuildConfiguration;
			buildSettings = {
				ALWAYS_SEARCH_USER_PATHS = NO;
				CLANG_ANALYZER_NONNULL = YES;
				CLANG_CXX_LANGUAGE_STANDARD = "gnu++0x";
				CLANG_CXX_LIBRARY = "libc++";
				CLANG_ENABLE_MODULES = YES;
				CLANG_ENABLE_OBJC_ARC = YES;
				CLANG_WARN_BOOL_CONVERSION = YES;
				CLANG_WARN_CONSTANT_CONVERSION = YES;
				CLANG_WARN_DIRECT_OBJC_ISA_USAGE = YES_ERROR;
				CLANG_WARN_EMPTY_BODY = YES;
				CLANG_WARN_ENUM_CONVERSION = YES;
				CLANG_WARN_INT_CONVERSION = YES;
				CLANG_WARN_OBJC_ROOT_CLASS = YES_ERROR;
				CLANG_WARN_UNREACHABLE_CODE = YES;
				CLANG_WARN__DUPLICATE_METHOD_MATCH = YES;
				"CODE_SIGN_IDENTITY[sdk=iphoneos*]" = "iPhone Developer";
				COPY_PHASE_STRIP = NO;
				DEBUG_INFORMATION_FORMAT = dwarf;
				ENABLE_STRICT_OBJC_MSGSEND = YES;
				ENABLE_TESTABILITY = YES;
				GCC_C_LANGUAGE_STANDARD = gnu99;
				GCC_DYNAMIC_NO_PIC = NO;
				GCC_NO_COMMON_BLOCKS = YES;
				GCC_OPTIMIZATION_LEVEL = 0;
				GCC_PREPROCESSOR_DEFINITIONS = (
					"DEBUG=1",
					"$(inherited)",
				);
				GCC_WARN_64_TO_32_BIT_CONVERSION = YES;
				GCC_WARN_ABOUT_RETURN_TYPE = YES_ERROR;
				GCC_WARN_UNDECLARED_SELECTOR = YES;
				GCC_WARN_UNINITIALIZED_AUTOS = YES_AGGRESSIVE;
				GCC_WARN_UNUSED_FUNCTION = YES;
				GCC_WARN_UNUSED_VARIABLE = YES;
				IPHONEOS_DEPLOYMENT_TARGET = 9.3;
				MTL_ENABLE_DEBUG_INFO = YES;
				ONLY_ACTIVE_ARCH = YES;
				SDKROOT = iphoneos;
				SWIFT_OPTIMIZATION_LEVEL = "-Onone";
			};
			name = Debug;
		};
		A636F3A01D0D24040003133F /* Release */ = {
			isa = XCBuildConfiguration;
			buildSettings = {
				ALWAYS_SEARCH_USER_PATHS = NO;
				CLANG_ANALYZER_NONNULL = YES;
				CLANG_CXX_LANGUAGE_STANDARD = "gnu++0x";
				CLANG_CXX_LIBRARY = "libc++";
				CLANG_ENABLE_MODULES = YES;
				CLANG_ENABLE_OBJC_ARC = YES;
				CLANG_WARN_BOOL_CONVERSION = YES;
				CLANG_WARN_CONSTANT_CONVERSION = YES;
				CLANG_WARN_DIRECT_OBJC_ISA_USAGE = YES_ERROR;
				CLANG_WARN_EMPTY_BODY = YES;
				CLANG_WARN_ENUM_CONVERSION = YES;
				CLANG_WARN_INT_CONVERSION = YES;
				CLANG_WARN_OBJC_ROOT_CLASS = YES_ERROR;
				CLANG_WARN_UNREACHABLE_CODE = YES;
				CLANG_WARN__DUPLICATE_METHOD_MATCH = YES;
				"CODE_SIGN_IDENTITY[sdk=iphoneos*]" = "iPhone Developer";
				COPY_PHASE_STRIP = NO;
				DEBUG_INFORMATION_FORMAT = "dwarf-with-dsym";
				ENABLE_NS_ASSERTIONS = NO;
				ENABLE_STRICT_OBJC_MSGSEND = YES;
				GCC_C_LANGUAGE_STANDARD = gnu99;
				GCC_NO_COMMON_BLOCKS = YES;
				GCC_WARN_64_TO_32_BIT_CONVERSION = YES;
				GCC_WARN_ABOUT_RETURN_TYPE = YES_ERROR;
				GCC_WARN_UNDECLARED_SELECTOR = YES;
				GCC_WARN_UNINITIALIZED_AUTOS = YES_AGGRESSIVE;
				GCC_WARN_UNUSED_FUNCTION = YES;
				GCC_WARN_UNUSED_VARIABLE = YES;
				IPHONEOS_DEPLOYMENT_TARGET = 9.3;
				MTL_ENABLE_DEBUG_INFO = NO;
				SDKROOT = iphoneos;
				VALIDATE_PRODUCT = YES;
			};
			name = Release;
		};
		A636F3A21D0D24040003133F /* Debug */ = {
			isa = XCBuildConfiguration;
			buildSettings = {
				ASSETCATALOG_COMPILER_APPICON_NAME = AppIcon;
				INFOPLIST_FILE = Rating/Info.plist;
				LD_RUNPATH_SEARCH_PATHS = "$(inherited) @executable_path/Frameworks";
				PRODUCT_BUNDLE_IDENTIFIER = tophy.Rating;
				PRODUCT_NAME = "$(TARGET_NAME)";
			};
			name = Debug;
		};
		A636F3A31D0D24040003133F /* Release */ = {
			isa = XCBuildConfiguration;
			buildSettings = {
				ASSETCATALOG_COMPILER_APPICON_NAME = AppIcon;
				INFOPLIST_FILE = Rating/Info.plist;
				LD_RUNPATH_SEARCH_PATHS = "$(inherited) @executable_path/Frameworks";
				PRODUCT_BUNDLE_IDENTIFIER = tophy.Rating;
				PRODUCT_NAME = "$(TARGET_NAME)";
			};
			name = Release;
		};
/* End XCBuildConfiguration section */

/* Begin XCConfigurationList section */
		A636F38A1D0D24040003133F /* Build configuration list for PBXProject "Rating" */ = {
			isa = XCConfigurationList;
			buildConfigurations = (
				A636F39F1D0D24040003133F /* Debug */,
				A636F3A01D0D24040003133F /* Release */,
			);
			defaultConfigurationIsVisible = 0;
			defaultConfigurationName = Release;
		};
		A636F3A11D0D24040003133F /* Build configuration list for PBXNativeTarget "Rating" */ = {
			isa = XCConfigurationList;
			buildConfigurations = (
				A636F3A21D0D24040003133F /* Debug */,
				A636F3A31D0D24040003133F /* Release */,
			);
			defaultConfigurationIsVisible = 0;
		};
/* End XCConfigurationList section */
	};
	rootObject = A636F3871D0D24040003133F /* Project object */;
}
